{
  "authorization_label": "APODOCK-001-v1.1",
  "execution_implementation_sha": "a13fe45ee76df927e3f100e712426daf7b8ae03c",
  "planned_run_id": "research-os.apodock001.planned-run.v2+96c21ae483c16db7",
  "prospective_execution_started": true,
  "protocol_hash": "b1a3c7b16db63ea426202a82db2551cc07301e34ea5584bfab75706681481a9e",
  "protocol_id": "research-os.apodock001.protocol.v1.1+b1a3c7b16db63ea4",
  "schema_version": "research-os.apodock001.execution-lock.v2",
  "started_at": "2026-09-13T03:25:45.828754+00:00"
}
